# @generated - this file is auto-generated by `mise lock` https://mise.en.dev/dev-tools/mise-lock.html

[[tools."github:itchio/butler"]]
version = "15.28.0"
backend = "github:itchio/butler"

[tools."github:itchio/butler"."platforms.linux-arm64"]
checksum = "sha256:c4f58f91a0bdcc8d61405e79b01bac064c3c74fe5e6bd94d7414f6ce9099c543"
url = "https://github.com/itchio/butler/releases/download/v15.28.0/butler-linux-arm64.zip"
url_api = "https://api.github.com/repos/itchio/butler/releases/assets/468668800"

[tools."github:itchio/butler"."platforms.linux-arm64-musl"]
checksum = "sha256:c4f58f91a0bdcc8d61405e79b01bac064c3c74fe5e6bd94d7414f6ce9099c543"
url = "https://github.com/itchio/butler/releases/download/v15.28.0/butler-linux-arm64.zip"
url_api = "https://api.github.com/repos/itchio/butler/releases/assets/468668800"

[tools."github:itchio/butler"."platforms.linux-x64"]
checksum = "sha256:80cb2ebd0c643d0abc78e42be215dcebd276dbc528cc137dc8e2a130528852f0"
url = "https://github.com/itchio/butler/releases/download/v15.28.0/butler-linux-amd64.zip"
url_api = "https://api.github.com/repos/itchio/butler/releases/assets/468668801"

[tools."github:itchio/butler"."platforms.linux-x64-musl"]
checksum = "sha256:80cb2ebd0c643d0abc78e42be215dcebd276dbc528cc137dc8e2a130528852f0"
url = "https://github.com/itchio/butler/releases/download/v15.28.0/butler-linux-amd64.zip"
url_api = "https://api.github.com/repos/itchio/butler/releases/assets/468668801"

[tools."github:itchio/butler"."platforms.macos-arm64"]
checksum = "sha256:017ac9c25188a1613f11a167c7785bfa59dd1717844fd01dcdab8b5bcd492d9b"
url = "https://github.com/itchio/butler/releases/download/v15.28.0/butler-darwin-arm64.zip"
url_api = "https://api.github.com/repos/itchio/butler/releases/assets/468668803"

[tools."github:itchio/butler"."platforms.macos-x64"]
checksum = "sha256:d7bdffeb7c22f099432e5d6c4a51543d34ca5b3576d142c4409a34303d11d304"
url = "https://github.com/itchio/butler/releases/download/v15.28.0/butler-darwin-amd64.zip"
url_api = "https://api.github.com/repos/itchio/butler/releases/assets/468668804"

[tools."github:itchio/butler"."platforms.windows-x64"]
checksum = "sha256:a4edcd809bceaf1b4434ff4377c0a46fafa8050fe58d5febdc6b9679fcb01cb9"
url = "https://github.com/itchio/butler/releases/download/v15.28.0/butler-windows-amd64.zip"
url_api = "https://api.github.com/repos/itchio/butler/releases/assets/468668810"

[[tools.godot]]
version = "4.7-stable"
backend = "aqua:godotengine/godot"

[tools.godot."platforms.linux-arm64"]
checksum = "sha256:db5aa126353a18fd664818e4f1b9cfffaa77e32d4c9af0ea87e8f028a395a1ed"
url = "https://github.com/godotengine/godot/releases/download/4.7-stable/Godot_v4.7-stable_linux.arm64.zip"

[tools.godot."platforms.linux-arm64-musl"]
checksum = "sha256:db5aa126353a18fd664818e4f1b9cfffaa77e32d4c9af0ea87e8f028a395a1ed"
url = "https://github.com/godotengine/godot/releases/download/4.7-stable/Godot_v4.7-stable_linux.arm64.zip"

[tools.godot."platforms.linux-x64"]
checksum = "sha256:0b1a6c54c2c619c12e169fe9241edda4b81080b519451cec2984bf0d2c6cb73c"
url = "https://github.com/godotengine/godot/releases/download/4.7-stable/Godot_v4.7-stable_linux.x86_64.zip"

[tools.godot."platforms.linux-x64-musl"]
checksum = "sha256:0b1a6c54c2c619c12e169fe9241edda4b81080b519451cec2984bf0d2c6cb73c"
url = "https://github.com/godotengine/godot/releases/download/4.7-stable/Godot_v4.7-stable_linux.x86_64.zip"

[tools.godot."platforms.macos-arm64"]
checksum = "sha256:a6708c336f690e0dd8abd3d587d661707f4f33ed436946a3ec000d2fb497fd6c"
url = "https://github.com/godotengine/godot/releases/download/4.7-stable/Godot_v4.7-stable_macos.universal.zip"

[tools.godot."platforms.macos-x64"]
checksum = "sha256:a6708c336f690e0dd8abd3d587d661707f4f33ed436946a3ec000d2fb497fd6c"
url = "https://github.com/godotengine/godot/releases/download/4.7-stable/Godot_v4.7-stable_macos.universal.zip"

[tools.godot."platforms.windows-x64"]
checksum = "sha256:02a5312236f4e0209c78bcb2f52135b1963e6b8888c873c9cee81459e60bcd71"
url = "https://github.com/godotengine/godot/releases/download/4.7-stable/Godot_v4.7-stable_win64.exe.zip"
