# @generated - this file is auto-generated by `mise lock` https://mise.en.dev/dev-tools/mise-lock.html

[[tools."github:itchio/butler"]]
version = "15.27.0"
backend = "github:itchio/butler"

[tools."github:itchio/butler"."platforms.linux-arm64"]
checksum = "sha256:7d7e26aae6204585b1124515e87eb6b89c5b0f01c60a30e2344d58d783614778"
url = "https://github.com/itchio/butler/releases/download/v15.27.0/butler-linux-arm64.zip"
url_api = "https://api.github.com/repos/itchio/butler/releases/assets/417737048"

[tools."github:itchio/butler"."platforms.linux-arm64-musl"]
checksum = "sha256:7d7e26aae6204585b1124515e87eb6b89c5b0f01c60a30e2344d58d783614778"
url = "https://github.com/itchio/butler/releases/download/v15.27.0/butler-linux-arm64.zip"
url_api = "https://api.github.com/repos/itchio/butler/releases/assets/417737048"

[tools."github:itchio/butler"."platforms.linux-x64"]
checksum = "sha256:b78ca81ed566c2daa54d68b7e300dd32888168163212293909ce90f16e0ec75d"
url = "https://github.com/itchio/butler/releases/download/v15.27.0/butler-linux-amd64.zip"
url_api = "https://api.github.com/repos/itchio/butler/releases/assets/417737053"

[tools."github:itchio/butler"."platforms.linux-x64-musl"]
checksum = "sha256:b78ca81ed566c2daa54d68b7e300dd32888168163212293909ce90f16e0ec75d"
url = "https://github.com/itchio/butler/releases/download/v15.27.0/butler-linux-amd64.zip"
url_api = "https://api.github.com/repos/itchio/butler/releases/assets/417737053"

[tools."github:itchio/butler"."platforms.macos-arm64"]
checksum = "sha256:7223b7d764806f451ef69bf0eeecbb33980dac4dc2c7df8c547142a690359f0d"
url = "https://github.com/itchio/butler/releases/download/v15.27.0/butler-darwin-arm64.zip"
url_api = "https://api.github.com/repos/itchio/butler/releases/assets/417737047"

[tools."github:itchio/butler"."platforms.macos-x64"]
checksum = "sha256:76e52fc573fde62eddc9dfaae8c3144370d0c442fbf33aaa996fe112e90f04e8"
url = "https://github.com/itchio/butler/releases/download/v15.27.0/butler-darwin-amd64.zip"
url_api = "https://api.github.com/repos/itchio/butler/releases/assets/417737051"

[tools."github:itchio/butler"."platforms.windows-x64"]
checksum = "sha256:6005bd4804d595d364cf53e28f7ec60a78b77546d3ce50f28d7fee5ae9f26a1b"
url = "https://github.com/itchio/butler/releases/download/v15.27.0/butler-windows-amd64.zip"
url_api = "https://api.github.com/repos/itchio/butler/releases/assets/417737083"

[[tools.godot]]
version = "4.7-stable"
backend = "aqua:godotengine/godot"

[tools.godot."platforms.linux-arm64"]
checksum = "sha256:db5aa126353a18fd664818e4f1b9cfffaa77e32d4c9af0ea87e8f028a395a1ed"
url = "https://github.com/godotengine/godot/releases/download/4.7-stable/Godot_v4.7-stable_linux.arm64.zip"

[tools.godot."platforms.linux-arm64-musl"]
checksum = "sha256:db5aa126353a18fd664818e4f1b9cfffaa77e32d4c9af0ea87e8f028a395a1ed"
url = "https://github.com/godotengine/godot/releases/download/4.7-stable/Godot_v4.7-stable_linux.arm64.zip"

[tools.godot."platforms.linux-x64"]
checksum = "sha256:0b1a6c54c2c619c12e169fe9241edda4b81080b519451cec2984bf0d2c6cb73c"
url = "https://github.com/godotengine/godot/releases/download/4.7-stable/Godot_v4.7-stable_linux.x86_64.zip"

[tools.godot."platforms.linux-x64-musl"]
checksum = "sha256:0b1a6c54c2c619c12e169fe9241edda4b81080b519451cec2984bf0d2c6cb73c"
url = "https://github.com/godotengine/godot/releases/download/4.7-stable/Godot_v4.7-stable_linux.x86_64.zip"

[tools.godot."platforms.macos-arm64"]
checksum = "sha256:a6708c336f690e0dd8abd3d587d661707f4f33ed436946a3ec000d2fb497fd6c"
url = "https://github.com/godotengine/godot/releases/download/4.7-stable/Godot_v4.7-stable_macos.universal.zip"

[tools.godot."platforms.macos-x64"]
checksum = "sha256:a6708c336f690e0dd8abd3d587d661707f4f33ed436946a3ec000d2fb497fd6c"
url = "https://github.com/godotengine/godot/releases/download/4.7-stable/Godot_v4.7-stable_macos.universal.zip"

[tools.godot."platforms.windows-x64"]
checksum = "sha256:02a5312236f4e0209c78bcb2f52135b1963e6b8888c873c9cee81459e60bcd71"
url = "https://github.com/godotengine/godot/releases/download/4.7-stable/Godot_v4.7-stable_win64.exe.zip"
