# @generated - this file is auto-generated by `mise lock` https://mise.en.dev/dev-tools/mise-lock.html

[[tools."github:itchio/butler"]]
version = "15.30.0"
backend = "github:itchio/butler"

[tools."github:itchio/butler"."platforms.linux-arm64"]
checksum = "sha256:d8418e690e46fa27092c53383b8ce8bd78a96bdbf6bb73f2d71484f4f4c5e74f"
url = "https://github.com/itchio/butler/releases/download/v15.30.0/butler-linux-arm64.zip"
url_api = "https://api.github.com/repos/itchio/butler/releases/assets/494196051"

[tools."github:itchio/butler"."platforms.linux-arm64-musl"]
checksum = "sha256:d8418e690e46fa27092c53383b8ce8bd78a96bdbf6bb73f2d71484f4f4c5e74f"
url = "https://github.com/itchio/butler/releases/download/v15.30.0/butler-linux-arm64.zip"
url_api = "https://api.github.com/repos/itchio/butler/releases/assets/494196051"

[tools."github:itchio/butler"."platforms.linux-x64"]
checksum = "sha256:f2cae7d24eba0605048f71d0cc056f65c3b7ff9f73724f504c731cf3645bef08"
url = "https://github.com/itchio/butler/releases/download/v15.30.0/butler-linux-amd64.zip"
url_api = "https://api.github.com/repos/itchio/butler/releases/assets/494196052"

[tools."github:itchio/butler"."platforms.linux-x64-musl"]
checksum = "sha256:f2cae7d24eba0605048f71d0cc056f65c3b7ff9f73724f504c731cf3645bef08"
url = "https://github.com/itchio/butler/releases/download/v15.30.0/butler-linux-amd64.zip"
url_api = "https://api.github.com/repos/itchio/butler/releases/assets/494196052"

[tools."github:itchio/butler"."platforms.macos-arm64"]
checksum = "sha256:936d18ee3b9f8b0726a22d7e14c122a23f918cf1af77510b3b0ade9d0ed065d5"
url = "https://github.com/itchio/butler/releases/download/v15.30.0/butler-darwin-arm64.zip"
url_api = "https://api.github.com/repos/itchio/butler/releases/assets/494196049"

[tools."github:itchio/butler"."platforms.macos-x64"]
checksum = "sha256:30452186424e6478ed63e6be21d6e427a0253bb00b9d768984d97c087a32913d"
url = "https://github.com/itchio/butler/releases/download/v15.30.0/butler-darwin-amd64.zip"
url_api = "https://api.github.com/repos/itchio/butler/releases/assets/494196053"

[tools."github:itchio/butler"."platforms.windows-x64"]
checksum = "sha256:d8886b653cbd3d6f2207d8edbad0addb27bb8660f70418760dd61edab18eec97"
url = "https://github.com/itchio/butler/releases/download/v15.30.0/butler-windows-amd64.zip"
url_api = "https://api.github.com/repos/itchio/butler/releases/assets/494196072"

[[tools.godot]]
version = "4.7.2-stable"
backend = "aqua:godotengine/godot"

[tools.godot."platforms.linux-arm64"]
checksum = "sha256:5dd0d86405cf7e8adf79fb6377b38ba682a2846cb378ffe5364f38c01ad29b9d"
url = "https://github.com/godotengine/godot/releases/download/4.7.2-stable/Godot_v4.7.2-stable_linux.arm64.zip"
url_api = "https://api.github.com/repos/godotengine/godot/releases/assets/519687458"

[tools.godot."platforms.linux-arm64-musl"]
checksum = "sha256:5dd0d86405cf7e8adf79fb6377b38ba682a2846cb378ffe5364f38c01ad29b9d"
url = "https://github.com/godotengine/godot/releases/download/4.7.2-stable/Godot_v4.7.2-stable_linux.arm64.zip"
url_api = "https://api.github.com/repos/godotengine/godot/releases/assets/519687458"

[tools.godot."platforms.linux-x64"]
checksum = "sha256:cadd3204e728a35d3f13adb7fd0d7902636b79f6b95c40c265eb73b6c35329e4"
url = "https://github.com/godotengine/godot/releases/download/4.7.2-stable/Godot_v4.7.2-stable_linux.x86_64.zip"
url_api = "https://api.github.com/repos/godotengine/godot/releases/assets/519687862"

[tools.godot."platforms.linux-x64-musl"]
checksum = "sha256:cadd3204e728a35d3f13adb7fd0d7902636b79f6b95c40c265eb73b6c35329e4"
url = "https://github.com/godotengine/godot/releases/download/4.7.2-stable/Godot_v4.7.2-stable_linux.x86_64.zip"
url_api = "https://api.github.com/repos/godotengine/godot/releases/assets/519687862"

[tools.godot."platforms.macos-arm64"]
checksum = "sha256:c58a24e31d720be9d62f60cb5627c4e695fb72f21b0cfe1bc9ccaa9a3b3ba63e"
url = "https://github.com/godotengine/godot/releases/download/4.7.2-stable/Godot_v4.7.2-stable_macos.universal.zip"
url_api = "https://api.github.com/repos/godotengine/godot/releases/assets/519687883"

[tools.godot."platforms.macos-x64"]
checksum = "sha256:c58a24e31d720be9d62f60cb5627c4e695fb72f21b0cfe1bc9ccaa9a3b3ba63e"
url = "https://github.com/godotengine/godot/releases/download/4.7.2-stable/Godot_v4.7.2-stable_macos.universal.zip"
url_api = "https://api.github.com/repos/godotengine/godot/releases/assets/519687883"

[tools.godot."platforms.windows-x64"]
checksum = "sha256:731980f9608d61333e5baf54a2ef17210acc7a538446c0cb9969f002aca1e953"
url = "https://github.com/godotengine/godot/releases/download/4.7.2-stable/Godot_v4.7.2-stable_win64.exe.zip"
url_api = "https://api.github.com/repos/godotengine/godot/releases/assets/519688475"
