# @generated - this file is auto-generated by `mise lock` https://mise.en.dev/dev-tools/mise-lock.html

[[tools.blender]]
version = "5.1.2"
backend = "aqua:blender/blender"

[tools.blender."platforms.linux-x64"]
url = "https://download.blender.org/release/Blender5.1/blender-5.1.2-linux-x64.tar.xz"

[tools.blender."platforms.linux-x64-musl"]
url = "https://download.blender.org/release/Blender5.1/blender-5.1.2-linux-x64.tar.xz"

[tools.blender."platforms.macos-arm64"]
url = "https://download.blender.org/release/Blender5.1/blender-5.1.2-macos-arm64.dmg"

[tools.blender."platforms.windows-x64"]
url = "https://download.blender.org/release/Blender5.1/blender-5.1.2-windows-x64.zip"

[[tools."github:TheWaWaR/simple-http-server"]]
version = "0.8.0"
backend = "github:TheWaWaR/simple-http-server"

[tools."github:TheWaWaR/simple-http-server"."platforms.linux-arm64"]
checksum = "sha256:88a523d339fa412575e497ee1741ffa4a7b6bdcfa23681a82eac7b8cd2bdf815"
url = "https://github.com/TheWaWaR/simple-http-server/releases/download/v0.8.0/aarch64-unknown-linux-musl-simple-http-server"
url_api = "https://api.github.com/repos/TheWaWaR/simple-http-server/releases/assets/375820066"

[tools."github:TheWaWaR/simple-http-server"."platforms.linux-arm64-musl"]
checksum = "sha256:88a523d339fa412575e497ee1741ffa4a7b6bdcfa23681a82eac7b8cd2bdf815"
url = "https://github.com/TheWaWaR/simple-http-server/releases/download/v0.8.0/aarch64-unknown-linux-musl-simple-http-server"
url_api = "https://api.github.com/repos/TheWaWaR/simple-http-server/releases/assets/375820066"

[tools."github:TheWaWaR/simple-http-server"."platforms.linux-x64"]
checksum = "sha256:a16d73db4b33edc6aada0bb54088773dba8cb4d02eaa13364559552072d628cd"
url = "https://github.com/TheWaWaR/simple-http-server/releases/download/v0.8.0/x86_64-unknown-linux-musl-simple-http-server"
url_api = "https://api.github.com/repos/TheWaWaR/simple-http-server/releases/assets/375820035"

[tools."github:TheWaWaR/simple-http-server"."platforms.linux-x64-musl"]
checksum = "sha256:a16d73db4b33edc6aada0bb54088773dba8cb4d02eaa13364559552072d628cd"
url = "https://github.com/TheWaWaR/simple-http-server/releases/download/v0.8.0/x86_64-unknown-linux-musl-simple-http-server"
url_api = "https://api.github.com/repos/TheWaWaR/simple-http-server/releases/assets/375820035"

[tools."github:TheWaWaR/simple-http-server"."platforms.macos-arm64"]
checksum = "sha256:2bbeb14eebbee0243edca00a3e022b461d936b61613a3bc3268fb6ac5e2d189e"
url = "https://github.com/TheWaWaR/simple-http-server/releases/download/v0.8.0/aarch64-apple-darwin-simple-http-server"
url_api = "https://api.github.com/repos/TheWaWaR/simple-http-server/releases/assets/375820382"

[tools."github:TheWaWaR/simple-http-server"."platforms.macos-x64"]
checksum = "sha256:95d34665b28ae10e84b0e662a79e8dc623aa02daa7a9de8273e63a993ee4c624"
url = "https://github.com/TheWaWaR/simple-http-server/releases/download/v0.8.0/x86_64-apple-darwin-simple-http-server"
url_api = "https://api.github.com/repos/TheWaWaR/simple-http-server/releases/assets/375820109"

[tools."github:TheWaWaR/simple-http-server"."platforms.windows-x64"]
checksum = "sha256:6faac740df27e317125f562a4f5239fc2d95161aea995930929b1c895994aa9b"
url = "https://github.com/TheWaWaR/simple-http-server/releases/download/v0.8.0/x86_64-pc-windows-msvc-simple-http-server.exe"
url_api = "https://api.github.com/repos/TheWaWaR/simple-http-server/releases/assets/375821161"

[[tools."github:dlvhdr/diffnav"]]
version = "0.11.0"
backend = "github:dlvhdr/diffnav"

[tools."github:dlvhdr/diffnav"."platforms.linux-arm64"]
checksum = "sha256:902b88c34d3e0c26c2f2f0cef2f3550d4f12b8e8e72323f36a86b668a009b0d8"
url = "https://github.com/dlvhdr/diffnav/releases/download/v0.11.0/diffnav_Linux_arm64.tar.gz"
url_api = "https://api.github.com/repos/dlvhdr/diffnav/releases/assets/378589421"

[tools."github:dlvhdr/diffnav"."platforms.linux-arm64-musl"]
checksum = "sha256:902b88c34d3e0c26c2f2f0cef2f3550d4f12b8e8e72323f36a86b668a009b0d8"
url = "https://github.com/dlvhdr/diffnav/releases/download/v0.11.0/diffnav_Linux_arm64.tar.gz"
url_api = "https://api.github.com/repos/dlvhdr/diffnav/releases/assets/378589421"

[tools."github:dlvhdr/diffnav"."platforms.linux-x64"]
checksum = "sha256:35b0c3afb84f14b7e0aed411fbb9fd352b67a90885448f94a38829ebf74275e4"
url = "https://github.com/dlvhdr/diffnav/releases/download/v0.11.0/diffnav_Linux_x86_64.tar.gz"
url_api = "https://api.github.com/repos/dlvhdr/diffnav/releases/assets/378589420"

[tools."github:dlvhdr/diffnav"."platforms.linux-x64-musl"]
checksum = "sha256:35b0c3afb84f14b7e0aed411fbb9fd352b67a90885448f94a38829ebf74275e4"
url = "https://github.com/dlvhdr/diffnav/releases/download/v0.11.0/diffnav_Linux_x86_64.tar.gz"
url_api = "https://api.github.com/repos/dlvhdr/diffnav/releases/assets/378589420"

[tools."github:dlvhdr/diffnav"."platforms.macos-arm64"]
checksum = "sha256:a4cbb3222708fc5662877d3b0a01f5b7625363f6e83c498cb746bf6b3058588e"
url = "https://github.com/dlvhdr/diffnav/releases/download/v0.11.0/diffnav_Darwin_arm64.tar.gz"
url_api = "https://api.github.com/repos/dlvhdr/diffnav/releases/assets/378589428"

[tools."github:dlvhdr/diffnav"."platforms.macos-x64"]
checksum = "sha256:33a3911292dcf013953e3678aaa85fbc4aab50af5946002c8ff25e84c1b75cc2"
url = "https://github.com/dlvhdr/diffnav/releases/download/v0.11.0/diffnav_Darwin_x86_64.tar.gz"
url_api = "https://api.github.com/repos/dlvhdr/diffnav/releases/assets/378589427"

[tools."github:dlvhdr/diffnav"."platforms.windows-x64"]
checksum = "sha256:cd246c70f90e1346ec363f5819b9d9259112ce13c216f2aeebe7795f66288732"
url = "https://github.com/dlvhdr/diffnav/releases/download/v0.11.0/diffnav_Windows_x86_64.zip"
url_api = "https://api.github.com/repos/dlvhdr/diffnav/releases/assets/378589423"

[[tools.node]]
version = "26.5.0"
backend = "core:node"

[tools.node."platforms.linux-arm64"]
checksum = "sha256:308e5fe89a82461ba5a6cf15ff5221b2cdbd7ae87600aa72bb3c3fbdc66412d1"
url = "https://nodejs.org/dist/v26.5.0/node-v26.5.0-linux-arm64.tar.gz"

[tools.node."platforms.linux-arm64-musl"]
checksum = "sha256:1ab31aef6561191693f366cacd75bbcefa0301e49a18bc05554c21893bbdb490"
url = "https://unofficial-builds.nodejs.org/download/release/v26.5.0/node-v26.5.0-linux-arm64-musl.tar.gz"

[tools.node."platforms.linux-x64"]
checksum = "sha256:22b5f47ad6ae78837e4c2b846019965ce1a06ba143de176102294a1bf44fc677"
url = "https://nodejs.org/dist/v26.5.0/node-v26.5.0-linux-x64.tar.gz"

[tools.node."platforms.linux-x64-musl"]
checksum = "sha256:00f1398411a4216c5a6ecaad3b825a0da5ec00e79ee8c173ab65a094d97b9ad8"
url = "https://unofficial-builds.nodejs.org/download/release/v26.5.0/node-v26.5.0-linux-x64-musl.tar.gz"

[tools.node."platforms.macos-arm64"]
checksum = "sha256:ee920559aaa2391569cff4d737e3b83963430e3a14dedd91bfe0ff53171b5af9"
url = "https://nodejs.org/dist/v26.5.0/node-v26.5.0-darwin-arm64.tar.gz"

[tools.node."platforms.macos-x64"]
checksum = "sha256:98293394c945a24e64e00b4177bf075ec963ea70b34d1d2e24bd4a71716d334f"
url = "https://nodejs.org/dist/v26.5.0/node-v26.5.0-darwin-x64.tar.gz"

[tools.node."platforms.windows-x64"]
checksum = "sha256:d3b2277dbcccfdf24ef6302928f64f484cff1d77a6d3caa3a28f4d20ce9158f6"
url = "https://nodejs.org/dist/v26.5.0/node-v26.5.0-win-x64.zip"

[[tools.ruby]]
version = "4.0.5"
backend = "core:ruby"

[tools.ruby.options]
compile = "false"
precompiled_url = "jdx/ruby"
ruby_build_opts = "RUBY_CONFIGURE_OPTS='--disable-install-doc'"
ruby_build_repo = "https://github.com/rbenv/ruby-build.git"
ruby_install = "false"

[tools.ruby."platforms.linux-arm64"]
checksum = "sha256:fa8d337b2e97149f17d609cec5e6e5907f032390ad24bc3095f66157ce2eddf1"
url = "https://github.com/jdx/ruby/releases/download/4.0.5-1/ruby-4.0.5.arm64_linux.tar.gz"
provenance = "github-attestations"

[tools.ruby."platforms.linux-arm64-musl"]
checksum = "sha256:fa8d337b2e97149f17d609cec5e6e5907f032390ad24bc3095f66157ce2eddf1"
url = "https://github.com/jdx/ruby/releases/download/4.0.5-1/ruby-4.0.5.arm64_linux.tar.gz"
provenance = "github-attestations"

[tools.ruby."platforms.linux-x64"]
checksum = "sha256:831f0e8bdc423156065d7965116f8d5c5fac943aff9128342094e2d745bd2051"
url = "https://github.com/jdx/ruby/releases/download/4.0.5-1/ruby-4.0.5.x86_64_linux.tar.gz"
provenance = "github-attestations"

[tools.ruby."platforms.linux-x64-musl"]
checksum = "sha256:831f0e8bdc423156065d7965116f8d5c5fac943aff9128342094e2d745bd2051"
url = "https://github.com/jdx/ruby/releases/download/4.0.5-1/ruby-4.0.5.x86_64_linux.tar.gz"
provenance = "github-attestations"

[tools.ruby."platforms.macos-arm64"]
checksum = "sha256:cc07d78e61eef4a0d04fce62bce56b6822b261dbed30bad306f6bc7f9ca7085d"
url = "https://github.com/jdx/ruby/releases/download/4.0.5-1/ruby-4.0.5.macos.tar.gz"
provenance = "github-attestations"

[tools.ruby."platforms.macos-x64"]
checksum = "sha256:7d6149079a63f8ae1d326c9fa65c6019ba2dc3155eae7b39159817911c88958e"
url = "https://cache.ruby-lang.org/pub/ruby/4.0/ruby-4.0.5.tar.gz"

[tools.ruby."platforms.windows-x64"]
checksum = "sha256:74e31613fc71e6e23431dfc4d8b6ec2818a4dc1fd16e0983b074144c16719c8b"
url = "https://github.com/oneclick/rubyinstaller2/releases/download/RubyInstaller-4.0.5-1/rubyinstaller-4.0.5-1-x64.7z"

[[tools.usage]]
version = "3.5.4"
backend = "aqua:jdx/usage"

[tools.usage."platforms.linux-arm64"]
checksum = "sha256:6f826638194da61fc5f631a9ed25930ddc3746e8f9de97f218b36a3a899c196c"
url = "https://github.com/jdx/usage/releases/download/v3.5.4/usage-aarch64-unknown-linux-musl.tar.gz"
url_api = "https://api.github.com/repos/jdx/usage/releases/assets/468428362"

[tools.usage."platforms.linux-arm64-musl"]
checksum = "sha256:6f826638194da61fc5f631a9ed25930ddc3746e8f9de97f218b36a3a899c196c"
url = "https://github.com/jdx/usage/releases/download/v3.5.4/usage-aarch64-unknown-linux-musl.tar.gz"
url_api = "https://api.github.com/repos/jdx/usage/releases/assets/468428362"

[tools.usage."platforms.linux-x64"]
checksum = "sha256:642e6eb31e58db1f3cda206d0484685950a224825f5ed22eb9cc9a6d6ddbbb46"
url = "https://github.com/jdx/usage/releases/download/v3.5.4/usage-x86_64-unknown-linux-musl.tar.gz"
url_api = "https://api.github.com/repos/jdx/usage/releases/assets/468428453"

[tools.usage."platforms.linux-x64-musl"]
checksum = "sha256:642e6eb31e58db1f3cda206d0484685950a224825f5ed22eb9cc9a6d6ddbbb46"
url = "https://github.com/jdx/usage/releases/download/v3.5.4/usage-x86_64-unknown-linux-musl.tar.gz"
url_api = "https://api.github.com/repos/jdx/usage/releases/assets/468428453"

[tools.usage."platforms.macos-arm64"]
checksum = "sha256:25b0fff15f030f3c08caa960174b3fb9f85be601824744424a7409dcdf1ee37a"
url = "https://github.com/jdx/usage/releases/download/v3.5.4/usage-universal-apple-darwin.tar.gz"
url_api = "https://api.github.com/repos/jdx/usage/releases/assets/468433769"

[tools.usage."platforms.macos-x64"]
checksum = "sha256:25b0fff15f030f3c08caa960174b3fb9f85be601824744424a7409dcdf1ee37a"
url = "https://github.com/jdx/usage/releases/download/v3.5.4/usage-universal-apple-darwin.tar.gz"
url_api = "https://api.github.com/repos/jdx/usage/releases/assets/468433769"

[tools.usage."platforms.windows-x64"]
checksum = "sha256:61dbc0aedc54696c6201d1e8f107348b30706a47e23a44c08280c3c7f63b6804"
url = "https://github.com/jdx/usage/releases/download/v3.5.4/usage-x86_64-pc-windows-msvc.zip"
url_api = "https://api.github.com/repos/jdx/usage/releases/assets/468428934"

[[tools.yt-dlp]]
version = "2026.07.04"
backend = "github:yt-dlp/yt-dlp"

[tools.yt-dlp."platforms.linux-arm64"]
checksum = "sha256:0554d39b22e039b4c0f70a492b9852870f281ed6a93eb75e78f150b32df76543"
url = "https://github.com/yt-dlp/yt-dlp/releases/download/2026.07.04/yt-dlp_linux_aarch64.zip"
url_api = "https://api.github.com/repos/yt-dlp/yt-dlp/releases/assets/466665348"
provenance = "github-attestations"

[tools.yt-dlp."platforms.linux-arm64-musl"]
checksum = "sha256:fbbd71eb964513954232c705e82f36b982fec5af47718088fb5eaebca6421fc1"
url = "https://github.com/yt-dlp/yt-dlp/releases/download/2026.07.04/yt-dlp_musllinux_aarch64.zip"
url_api = "https://api.github.com/repos/yt-dlp/yt-dlp/releases/assets/466665378"
provenance = "github-attestations"

[tools.yt-dlp."platforms.linux-x64"]
checksum = "sha256:d7d2d09e900b5ae11821b5784b18cf064984a2bd88b1ca5c798d744bcbe3658b"
url = "https://github.com/yt-dlp/yt-dlp/releases/download/2026.07.04/yt-dlp_linux.zip"
url_api = "https://api.github.com/repos/yt-dlp/yt-dlp/releases/assets/466665341"
provenance = "github-attestations"

[tools.yt-dlp."platforms.linux-x64-musl"]
checksum = "sha256:ee66ae15987ee1aa911e762883e94586fca958ba03040f659c67410b4672444e"
url = "https://github.com/yt-dlp/yt-dlp/releases/download/2026.07.04/yt-dlp_musllinux.zip"
url_api = "https://api.github.com/repos/yt-dlp/yt-dlp/releases/assets/466665368"
provenance = "github-attestations"

[tools.yt-dlp."platforms.macos-arm64"]
checksum = "sha256:b0724470a0cf6dae5175a87eee05d6e75c5a0c10d2c3015166bd4d34e92b1b7b"
url = "https://github.com/yt-dlp/yt-dlp/releases/download/2026.07.04/yt-dlp_macos.zip"
url_api = "https://api.github.com/repos/yt-dlp/yt-dlp/releases/assets/466665361"
provenance = "github-attestations"

[tools.yt-dlp."platforms.macos-x64"]
checksum = "sha256:b0724470a0cf6dae5175a87eee05d6e75c5a0c10d2c3015166bd4d34e92b1b7b"
url = "https://github.com/yt-dlp/yt-dlp/releases/download/2026.07.04/yt-dlp_macos.zip"
url_api = "https://api.github.com/repos/yt-dlp/yt-dlp/releases/assets/466665361"
provenance = "github-attestations"

[tools.yt-dlp."platforms.windows-x64"]
checksum = "sha256:ec8b896cca7883cfe3324e611cc7b1c9258b243a0405297c6ed7e7fca61db880"
url = "https://github.com/yt-dlp/yt-dlp/releases/download/2026.07.04/yt-dlp_win_x86.zip"
url_api = "https://api.github.com/repos/yt-dlp/yt-dlp/releases/assets/466665404"
provenance = "github-attestations"
