# @generated - this file is auto-generated by `mise lock` https://mise.en.dev/dev-tools/mise-lock.html

[[tools.blender]]
version = "5.2.0"
backend = "aqua:blender/blender"

[tools.blender."platforms.linux-x64"]
checksum = "blake3:b6ba9fac389ae5c377286efa756581f9f1c22ef3f065c77df25078421e4005c0"
url = "https://download.blender.org/release/Blender5.2/blender-5.2.0-linux-x64.tar.xz"

[tools.blender."platforms.linux-x64-musl"]
url = "https://download.blender.org/release/Blender5.2/blender-5.2.0-linux-x64.tar.xz"

[tools.blender."platforms.macos-arm64"]
url = "https://download.blender.org/release/Blender5.2/blender-5.2.0-macos-arm64.dmg"

[tools.blender."platforms.windows-x64"]
url = "https://download.blender.org/release/Blender5.2/blender-5.2.0-windows-x64.zip"

[[tools."github:TheWaWaR/simple-http-server"]]
version = "0.8.0"
backend = "github:TheWaWaR/simple-http-server"

[tools."github:TheWaWaR/simple-http-server"."platforms.linux-arm64"]
checksum = "sha256:88a523d339fa412575e497ee1741ffa4a7b6bdcfa23681a82eac7b8cd2bdf815"
url = "https://github.com/TheWaWaR/simple-http-server/releases/download/v0.8.0/aarch64-unknown-linux-musl-simple-http-server"
url_api = "https://api.github.com/repos/TheWaWaR/simple-http-server/releases/assets/375820066"

[tools."github:TheWaWaR/simple-http-server"."platforms.linux-arm64-musl"]
checksum = "sha256:88a523d339fa412575e497ee1741ffa4a7b6bdcfa23681a82eac7b8cd2bdf815"
url = "https://github.com/TheWaWaR/simple-http-server/releases/download/v0.8.0/aarch64-unknown-linux-musl-simple-http-server"
url_api = "https://api.github.com/repos/TheWaWaR/simple-http-server/releases/assets/375820066"

[tools."github:TheWaWaR/simple-http-server"."platforms.linux-x64"]
checksum = "sha256:a16d73db4b33edc6aada0bb54088773dba8cb4d02eaa13364559552072d628cd"
url = "https://github.com/TheWaWaR/simple-http-server/releases/download/v0.8.0/x86_64-unknown-linux-musl-simple-http-server"
url_api = "https://api.github.com/repos/TheWaWaR/simple-http-server/releases/assets/375820035"

[tools."github:TheWaWaR/simple-http-server"."platforms.linux-x64-musl"]
checksum = "sha256:a16d73db4b33edc6aada0bb54088773dba8cb4d02eaa13364559552072d628cd"
url = "https://github.com/TheWaWaR/simple-http-server/releases/download/v0.8.0/x86_64-unknown-linux-musl-simple-http-server"
url_api = "https://api.github.com/repos/TheWaWaR/simple-http-server/releases/assets/375820035"

[tools."github:TheWaWaR/simple-http-server"."platforms.macos-arm64"]
checksum = "sha256:2bbeb14eebbee0243edca00a3e022b461d936b61613a3bc3268fb6ac5e2d189e"
url = "https://github.com/TheWaWaR/simple-http-server/releases/download/v0.8.0/aarch64-apple-darwin-simple-http-server"
url_api = "https://api.github.com/repos/TheWaWaR/simple-http-server/releases/assets/375820382"

[tools."github:TheWaWaR/simple-http-server"."platforms.macos-x64"]
checksum = "sha256:95d34665b28ae10e84b0e662a79e8dc623aa02daa7a9de8273e63a993ee4c624"
url = "https://github.com/TheWaWaR/simple-http-server/releases/download/v0.8.0/x86_64-apple-darwin-simple-http-server"
url_api = "https://api.github.com/repos/TheWaWaR/simple-http-server/releases/assets/375820109"

[tools."github:TheWaWaR/simple-http-server"."platforms.windows-x64"]
checksum = "sha256:6faac740df27e317125f562a4f5239fc2d95161aea995930929b1c895994aa9b"
url = "https://github.com/TheWaWaR/simple-http-server/releases/download/v0.8.0/x86_64-pc-windows-msvc-simple-http-server.exe"
url_api = "https://api.github.com/repos/TheWaWaR/simple-http-server/releases/assets/375821161"

[[tools."github:dlvhdr/diffnav"]]
version = "0.12.0"
backend = "github:dlvhdr/diffnav"

[tools."github:dlvhdr/diffnav"."platforms.linux-arm64"]
checksum = "sha256:5d23e9b5cc8e4d2be0463886d57ac0590c348e24b5611eb54a4bc84685e707c9"
url = "https://github.com/dlvhdr/diffnav/releases/download/v0.12.0/diffnav_Linux_arm64.tar.gz"
url_api = "https://api.github.com/repos/dlvhdr/diffnav/releases/assets/488282414"

[tools."github:dlvhdr/diffnav"."platforms.linux-arm64-musl"]
checksum = "sha256:5d23e9b5cc8e4d2be0463886d57ac0590c348e24b5611eb54a4bc84685e707c9"
url = "https://github.com/dlvhdr/diffnav/releases/download/v0.12.0/diffnav_Linux_arm64.tar.gz"
url_api = "https://api.github.com/repos/dlvhdr/diffnav/releases/assets/488282414"

[tools."github:dlvhdr/diffnav"."platforms.linux-x64"]
checksum = "sha256:1531569b74863f08dd82379041fbc9c0cf5103893ac5b3ff053453dd048bb807"
url = "https://github.com/dlvhdr/diffnav/releases/download/v0.12.0/diffnav_Linux_x86_64.tar.gz"
url_api = "https://api.github.com/repos/dlvhdr/diffnav/releases/assets/488282413"

[tools."github:dlvhdr/diffnav"."platforms.linux-x64-musl"]
checksum = "sha256:1531569b74863f08dd82379041fbc9c0cf5103893ac5b3ff053453dd048bb807"
url = "https://github.com/dlvhdr/diffnav/releases/download/v0.12.0/diffnav_Linux_x86_64.tar.gz"
url_api = "https://api.github.com/repos/dlvhdr/diffnav/releases/assets/488282413"

[tools."github:dlvhdr/diffnav"."platforms.macos-arm64"]
checksum = "sha256:2db80564b9e3687fad83769ef52209fadc56702c03614afb8855261a81d1d38a"
url = "https://github.com/dlvhdr/diffnav/releases/download/v0.12.0/diffnav_Darwin_arm64.tar.gz"
url_api = "https://api.github.com/repos/dlvhdr/diffnav/releases/assets/488282411"

[tools."github:dlvhdr/diffnav"."platforms.macos-x64"]
checksum = "sha256:29a45a968e22703668ed0cd1969cf333b96b039b015755cc5312f80d315a78a1"
url = "https://github.com/dlvhdr/diffnav/releases/download/v0.12.0/diffnav_Darwin_x86_64.tar.gz"
url_api = "https://api.github.com/repos/dlvhdr/diffnav/releases/assets/488282400"

[tools."github:dlvhdr/diffnav"."platforms.windows-x64"]
checksum = "sha256:4c02537248b9852bbb33c8b866107fd51efe9a7753e1576d5ea99f92344d8916"
url = "https://github.com/dlvhdr/diffnav/releases/download/v0.12.0/diffnav_Windows_x86_64.zip"
url_api = "https://api.github.com/repos/dlvhdr/diffnav/releases/assets/488282401"

[[tools.node]]
version = "26.5.1"
backend = "core:node"

[tools.node."platforms.linux-arm64"]
checksum = "sha256:21194bbf41c18d9ec277545c4d14cce8597d57a9d9f494c323d8121a25de33e8"
url = "https://nodejs.org/dist/v26.5.1/node-v26.5.1-linux-arm64.tar.gz"

[tools.node."platforms.linux-arm64-musl"]
url = "https://unofficial-builds.nodejs.org/download/release/v26.5.1/node-v26.5.1-linux-arm64-musl.tar.gz"

[tools.node."platforms.linux-x64"]
checksum = "sha256:2b07f09c218d473a26442bff5a90151f53f7b7c0a23bad244eda2c26303a2ba7"
url = "https://nodejs.org/dist/v26.5.1/node-v26.5.1-linux-x64.tar.gz"

[tools.node."platforms.linux-x64-musl"]
url = "https://unofficial-builds.nodejs.org/download/release/v26.5.1/node-v26.5.1-linux-x64-musl.tar.gz"

[tools.node."platforms.macos-arm64"]
checksum = "sha256:f4387df0b46556516d19abf2f2d6806481ac8368aa7f9d96bafed422a56a1d01"
url = "https://nodejs.org/dist/v26.5.1/node-v26.5.1-darwin-arm64.tar.gz"

[tools.node."platforms.macos-x64"]
checksum = "sha256:077d5c936868dab19d21f77f1e71ce13697e80b3e86a399dcab238902a2ebf93"
url = "https://nodejs.org/dist/v26.5.1/node-v26.5.1-darwin-x64.tar.gz"

[tools.node."platforms.windows-x64"]
checksum = "sha256:c432c996b95cbf7568f13a0fbb37526de84a27e3a5c520c3be15f05a9a168212"
url = "https://nodejs.org/dist/v26.5.1/node-v26.5.1-win-x64.zip"

[[tools.ruby]]
version = "4.0.6"
backend = "core:ruby"

[tools.ruby."platforms.windows-x64"]
checksum = "sha256:328d7a86bea2f4c432783025050c9ffa1c36fcfc54ebccc466b63450ec3af223"
url = "https://github.com/oneclick/rubyinstaller2/releases/download/RubyInstaller-4.0.6-1/rubyinstaller-4.0.6-1-x64.7z"

[[tools.ruby]]
version = "4.0.6"
backend = "core:ruby"

[tools.ruby.options]
compile = "false"
precompiled_url = "jdx/ruby"
ruby_build_opts = "RUBY_CONFIGURE_OPTS='--disable-install-doc'"
ruby_build_repo = "https://github.com/rbenv/ruby-build.git"
ruby_install = "false"

[tools.ruby."platforms.linux-arm64"]
checksum = "sha256:6144c26cd5a1ff85358beb7e68e592ada6d0319aa8093cf353465d60f10aa970"
url = "https://github.com/jdx/ruby/releases/download/4.0.6-1/ruby-4.0.6.arm64_linux.tar.gz"
provenance = "github-attestations"

[tools.ruby."platforms.linux-arm64-musl"]
checksum = "sha256:6144c26cd5a1ff85358beb7e68e592ada6d0319aa8093cf353465d60f10aa970"
url = "https://github.com/jdx/ruby/releases/download/4.0.6-1/ruby-4.0.6.arm64_linux.tar.gz"
provenance = "github-attestations"

[tools.ruby."platforms.linux-x64"]
checksum = "sha256:aefa111873bac3b15c5c416bfaaca84e793d5312d4496d651ad79c44521b200a"
url = "https://github.com/jdx/ruby/releases/download/4.0.6-1/ruby-4.0.6.x86_64_linux.tar.gz"
provenance = "github-attestations"

[tools.ruby."platforms.linux-x64-musl"]
checksum = "sha256:aefa111873bac3b15c5c416bfaaca84e793d5312d4496d651ad79c44521b200a"
url = "https://github.com/jdx/ruby/releases/download/4.0.6-1/ruby-4.0.6.x86_64_linux.tar.gz"
provenance = "github-attestations"

[tools.ruby."platforms.macos-arm64"]
checksum = "sha256:518c5849d7ab337790943963ded4f0b402d2d4ededea265288a5a19d4c8fee18"
url = "https://github.com/jdx/ruby/releases/download/4.0.6-1/ruby-4.0.6.macos.tar.gz"
provenance = "github-attestations"

[tools.ruby."platforms.macos-x64"]
checksum = "sha256:837d299e8f7ddf2be31a229a7a7e019d354979825117989acb3b32b1a9be262a"
url = "https://cache.ruby-lang.org/pub/ruby/4.0/ruby-4.0.6.tar.gz"

[[tools.usage]]
version = "4.0.0"
backend = "aqua:jdx/usage"

[tools.usage."platforms.linux-arm64"]
checksum = "sha256:bb9556ad822852f1824d9fb6e4d4063d3bf2639929ec4b74750c1f419c2ef733"
url = "https://github.com/jdx/usage/releases/download/v4.0.0/usage-aarch64-unknown-linux-musl.tar.gz"
url_api = "https://api.github.com/repos/jdx/usage/releases/assets/489800370"

[tools.usage."platforms.linux-arm64-musl"]
checksum = "sha256:bb9556ad822852f1824d9fb6e4d4063d3bf2639929ec4b74750c1f419c2ef733"
url = "https://github.com/jdx/usage/releases/download/v4.0.0/usage-aarch64-unknown-linux-musl.tar.gz"
url_api = "https://api.github.com/repos/jdx/usage/releases/assets/489800370"

[tools.usage."platforms.linux-x64"]
checksum = "sha256:3ce4d8d30f27db44f0aa2fe8bd351229e36e8d38b09060b0cadb7e02be57c69e"
url = "https://github.com/jdx/usage/releases/download/v4.0.0/usage-x86_64-unknown-linux-musl.tar.gz"
url_api = "https://api.github.com/repos/jdx/usage/releases/assets/489800150"

[tools.usage."platforms.linux-x64-musl"]
checksum = "sha256:3ce4d8d30f27db44f0aa2fe8bd351229e36e8d38b09060b0cadb7e02be57c69e"
url = "https://github.com/jdx/usage/releases/download/v4.0.0/usage-x86_64-unknown-linux-musl.tar.gz"
url_api = "https://api.github.com/repos/jdx/usage/releases/assets/489800150"

[tools.usage."platforms.macos-arm64"]
checksum = "sha256:b86b3b96590c40156977906758b92238fab506edcbdc5331f9efb034207e2ab4"
url = "https://github.com/jdx/usage/releases/download/v4.0.0/usage-universal-apple-darwin.tar.gz"
url_api = "https://api.github.com/repos/jdx/usage/releases/assets/489800167"

[tools.usage."platforms.macos-x64"]
checksum = "sha256:b86b3b96590c40156977906758b92238fab506edcbdc5331f9efb034207e2ab4"
url = "https://github.com/jdx/usage/releases/download/v4.0.0/usage-universal-apple-darwin.tar.gz"
url_api = "https://api.github.com/repos/jdx/usage/releases/assets/489800167"

[tools.usage."platforms.windows-x64"]
checksum = "sha256:91a241e3abf4925855814ae8cab3e6e826736b9cfaddc55a12cf4c3fe03d0dc7"
url = "https://github.com/jdx/usage/releases/download/v4.0.0/usage-x86_64-pc-windows-msvc.zip"
url_api = "https://api.github.com/repos/jdx/usage/releases/assets/489801502"

[[tools.yt-dlp]]
version = "2026.07.04"
backend = "github:yt-dlp/yt-dlp"

[tools.yt-dlp."platforms.linux-arm64"]
checksum = "sha256:0554d39b22e039b4c0f70a492b9852870f281ed6a93eb75e78f150b32df76543"
url = "https://github.com/yt-dlp/yt-dlp/releases/download/2026.07.04/yt-dlp_linux_aarch64.zip"
url_api = "https://api.github.com/repos/yt-dlp/yt-dlp/releases/assets/466665348"
provenance = "github-attestations"

[tools.yt-dlp."platforms.linux-arm64-musl"]
checksum = "sha256:fbbd71eb964513954232c705e82f36b982fec5af47718088fb5eaebca6421fc1"
url = "https://github.com/yt-dlp/yt-dlp/releases/download/2026.07.04/yt-dlp_musllinux_aarch64.zip"
url_api = "https://api.github.com/repos/yt-dlp/yt-dlp/releases/assets/466665378"
provenance = "github-attestations"

[tools.yt-dlp."platforms.linux-x64"]
checksum = "sha256:d7d2d09e900b5ae11821b5784b18cf064984a2bd88b1ca5c798d744bcbe3658b"
url = "https://github.com/yt-dlp/yt-dlp/releases/download/2026.07.04/yt-dlp_linux.zip"
url_api = "https://api.github.com/repos/yt-dlp/yt-dlp/releases/assets/466665341"
provenance = "github-attestations"

[tools.yt-dlp."platforms.linux-x64-musl"]
checksum = "sha256:ee66ae15987ee1aa911e762883e94586fca958ba03040f659c67410b4672444e"
url = "https://github.com/yt-dlp/yt-dlp/releases/download/2026.07.04/yt-dlp_musllinux.zip"
url_api = "https://api.github.com/repos/yt-dlp/yt-dlp/releases/assets/466665368"
provenance = "github-attestations"

[tools.yt-dlp."platforms.macos-arm64"]
checksum = "sha256:b0724470a0cf6dae5175a87eee05d6e75c5a0c10d2c3015166bd4d34e92b1b7b"
url = "https://github.com/yt-dlp/yt-dlp/releases/download/2026.07.04/yt-dlp_macos.zip"
url_api = "https://api.github.com/repos/yt-dlp/yt-dlp/releases/assets/466665361"
provenance = "github-attestations"

[tools.yt-dlp."platforms.macos-x64"]
checksum = "sha256:b0724470a0cf6dae5175a87eee05d6e75c5a0c10d2c3015166bd4d34e92b1b7b"
url = "https://github.com/yt-dlp/yt-dlp/releases/download/2026.07.04/yt-dlp_macos.zip"
url_api = "https://api.github.com/repos/yt-dlp/yt-dlp/releases/assets/466665361"
provenance = "github-attestations"

[tools.yt-dlp."platforms.windows-x64"]
checksum = "sha256:ec8b896cca7883cfe3324e611cc7b1c9258b243a0405297c6ed7e7fca61db880"
url = "https://github.com/yt-dlp/yt-dlp/releases/download/2026.07.04/yt-dlp_win_x86.zip"
url_api = "https://api.github.com/repos/yt-dlp/yt-dlp/releases/assets/466665404"
provenance = "github-attestations"
