# @generated - this file is auto-generated by `mise lock` https://mise.en.dev/dev-tools/mise-lock.html

[[tools.blender]]
version = "5.2.1"
backend = "aqua:blender/blender"

[tools.blender."platforms.linux-x64"]
checksum = "blake3:1151c8139005c686214f628a698cc464a7efad185c792e4b4d35989f93120751"
url = "https://download.blender.org/release/Blender5.2/blender-5.2.1-linux-x64.tar.xz"

[tools.blender."platforms.linux-x64-musl"]
url = "https://download.blender.org/release/Blender5.2/blender-5.2.1-linux-x64.tar.xz"

[tools.blender."platforms.macos-arm64"]
url = "https://download.blender.org/release/Blender5.2/blender-5.2.1-macos-arm64.dmg"

[tools.blender."platforms.windows-x64"]
url = "https://download.blender.org/release/Blender5.2/blender-5.2.1-windows-x64.zip"

[[tools.elixir]]
version = "1.20.4-otp-29"
backend = "core:elixir"

[tools.elixir."platforms.linux-arm64"]
checksum = "sha256:7863c546cda13fecc949e562e326042451dacf8fd8698a36783cb71eeb223b46"
url = "https://builds.hex.pm/builds/elixir/v1.20.4-otp-29.zip"

[tools.elixir."platforms.linux-arm64-musl"]
checksum = "sha256:7863c546cda13fecc949e562e326042451dacf8fd8698a36783cb71eeb223b46"
url = "https://builds.hex.pm/builds/elixir/v1.20.4-otp-29.zip"

[tools.elixir."platforms.linux-x64"]
checksum = "sha256:7863c546cda13fecc949e562e326042451dacf8fd8698a36783cb71eeb223b46"
url = "https://builds.hex.pm/builds/elixir/v1.20.4-otp-29.zip"

[tools.elixir."platforms.linux-x64-musl"]
checksum = "sha256:7863c546cda13fecc949e562e326042451dacf8fd8698a36783cb71eeb223b46"
url = "https://builds.hex.pm/builds/elixir/v1.20.4-otp-29.zip"

[tools.elixir."platforms.macos-arm64"]
checksum = "sha256:7863c546cda13fecc949e562e326042451dacf8fd8698a36783cb71eeb223b46"
url = "https://builds.hex.pm/builds/elixir/v1.20.4-otp-29.zip"

[tools.elixir."platforms.macos-x64"]
checksum = "sha256:7863c546cda13fecc949e562e326042451dacf8fd8698a36783cb71eeb223b46"
url = "https://builds.hex.pm/builds/elixir/v1.20.4-otp-29.zip"

[tools.elixir."platforms.windows-x64"]
checksum = "sha256:7863c546cda13fecc949e562e326042451dacf8fd8698a36783cb71eeb223b46"
url = "https://builds.hex.pm/builds/elixir/v1.20.4-otp-29.zip"

[[tools."github:TheWaWaR/simple-http-server"]]
version = "0.8.0"
backend = "github:TheWaWaR/simple-http-server"

[tools."github:TheWaWaR/simple-http-server"."platforms.linux-arm64"]
checksum = "sha256:88a523d339fa412575e497ee1741ffa4a7b6bdcfa23681a82eac7b8cd2bdf815"
url = "https://github.com/TheWaWaR/simple-http-server/releases/download/v0.8.0/aarch64-unknown-linux-musl-simple-http-server"
url_api = "https://api.github.com/repos/TheWaWaR/simple-http-server/releases/assets/375820066"

[tools."github:TheWaWaR/simple-http-server"."platforms.linux-arm64-musl"]
checksum = "sha256:88a523d339fa412575e497ee1741ffa4a7b6bdcfa23681a82eac7b8cd2bdf815"
url = "https://github.com/TheWaWaR/simple-http-server/releases/download/v0.8.0/aarch64-unknown-linux-musl-simple-http-server"
url_api = "https://api.github.com/repos/TheWaWaR/simple-http-server/releases/assets/375820066"

[tools."github:TheWaWaR/simple-http-server"."platforms.linux-x64"]
checksum = "sha256:a16d73db4b33edc6aada0bb54088773dba8cb4d02eaa13364559552072d628cd"
url = "https://github.com/TheWaWaR/simple-http-server/releases/download/v0.8.0/x86_64-unknown-linux-musl-simple-http-server"
url_api = "https://api.github.com/repos/TheWaWaR/simple-http-server/releases/assets/375820035"

[tools."github:TheWaWaR/simple-http-server"."platforms.linux-x64-musl"]
checksum = "sha256:a16d73db4b33edc6aada0bb54088773dba8cb4d02eaa13364559552072d628cd"
url = "https://github.com/TheWaWaR/simple-http-server/releases/download/v0.8.0/x86_64-unknown-linux-musl-simple-http-server"
url_api = "https://api.github.com/repos/TheWaWaR/simple-http-server/releases/assets/375820035"

[tools."github:TheWaWaR/simple-http-server"."platforms.macos-arm64"]
checksum = "sha256:2bbeb14eebbee0243edca00a3e022b461d936b61613a3bc3268fb6ac5e2d189e"
url = "https://github.com/TheWaWaR/simple-http-server/releases/download/v0.8.0/aarch64-apple-darwin-simple-http-server"
url_api = "https://api.github.com/repos/TheWaWaR/simple-http-server/releases/assets/375820382"

[tools."github:TheWaWaR/simple-http-server"."platforms.macos-x64"]
checksum = "sha256:95d34665b28ae10e84b0e662a79e8dc623aa02daa7a9de8273e63a993ee4c624"
url = "https://github.com/TheWaWaR/simple-http-server/releases/download/v0.8.0/x86_64-apple-darwin-simple-http-server"
url_api = "https://api.github.com/repos/TheWaWaR/simple-http-server/releases/assets/375820109"

[tools."github:TheWaWaR/simple-http-server"."platforms.windows-x64"]
checksum = "sha256:6faac740df27e317125f562a4f5239fc2d95161aea995930929b1c895994aa9b"
url = "https://github.com/TheWaWaR/simple-http-server/releases/download/v0.8.0/x86_64-pc-windows-msvc-simple-http-server.exe"
url_api = "https://api.github.com/repos/TheWaWaR/simple-http-server/releases/assets/375821161"

[[tools."github:dlvhdr/diffnav"]]
version = "0.12.0"
backend = "github:dlvhdr/diffnav"

[tools."github:dlvhdr/diffnav"."platforms.linux-arm64"]
checksum = "sha256:5d23e9b5cc8e4d2be0463886d57ac0590c348e24b5611eb54a4bc84685e707c9"
url = "https://github.com/dlvhdr/diffnav/releases/download/v0.12.0/diffnav_Linux_arm64.tar.gz"
url_api = "https://api.github.com/repos/dlvhdr/diffnav/releases/assets/488282414"

[tools."github:dlvhdr/diffnav"."platforms.linux-arm64-musl"]
checksum = "sha256:5d23e9b5cc8e4d2be0463886d57ac0590c348e24b5611eb54a4bc84685e707c9"
url = "https://github.com/dlvhdr/diffnav/releases/download/v0.12.0/diffnav_Linux_arm64.tar.gz"
url_api = "https://api.github.com/repos/dlvhdr/diffnav/releases/assets/488282414"

[tools."github:dlvhdr/diffnav"."platforms.linux-x64"]
checksum = "sha256:1531569b74863f08dd82379041fbc9c0cf5103893ac5b3ff053453dd048bb807"
url = "https://github.com/dlvhdr/diffnav/releases/download/v0.12.0/diffnav_Linux_x86_64.tar.gz"
url_api = "https://api.github.com/repos/dlvhdr/diffnav/releases/assets/488282413"

[tools."github:dlvhdr/diffnav"."platforms.linux-x64-musl"]
checksum = "sha256:1531569b74863f08dd82379041fbc9c0cf5103893ac5b3ff053453dd048bb807"
url = "https://github.com/dlvhdr/diffnav/releases/download/v0.12.0/diffnav_Linux_x86_64.tar.gz"
url_api = "https://api.github.com/repos/dlvhdr/diffnav/releases/assets/488282413"

[tools."github:dlvhdr/diffnav"."platforms.macos-arm64"]
checksum = "sha256:2db80564b9e3687fad83769ef52209fadc56702c03614afb8855261a81d1d38a"
url = "https://github.com/dlvhdr/diffnav/releases/download/v0.12.0/diffnav_Darwin_arm64.tar.gz"
url_api = "https://api.github.com/repos/dlvhdr/diffnav/releases/assets/488282411"

[tools."github:dlvhdr/diffnav"."platforms.macos-x64"]
checksum = "sha256:29a45a968e22703668ed0cd1969cf333b96b039b015755cc5312f80d315a78a1"
url = "https://github.com/dlvhdr/diffnav/releases/download/v0.12.0/diffnav_Darwin_x86_64.tar.gz"
url_api = "https://api.github.com/repos/dlvhdr/diffnav/releases/assets/488282400"

[tools."github:dlvhdr/diffnav"."platforms.windows-x64"]
checksum = "sha256:4c02537248b9852bbb33c8b866107fd51efe9a7753e1576d5ea99f92344d8916"
url = "https://github.com/dlvhdr/diffnav/releases/download/v0.12.0/diffnav_Windows_x86_64.zip"
url_api = "https://api.github.com/repos/dlvhdr/diffnav/releases/assets/488282401"

[[tools.node]]
version = "26.8.1"
backend = "core:node"

[tools.node."platforms.linux-arm64"]
checksum = "sha256:d5f973ce975e4bd03e6c2038260f7e9201615aa8e1ee293c72f8dcc2a6d9fddb"
url = "https://nodejs.org/dist/v26.8.1/node-v26.8.1-linux-arm64.tar.gz"

[tools.node."platforms.linux-arm64-musl"]
checksum = "sha256:0fe78afdeb4a4d273b14abbd4b946c772885c58994c9d23b1c8ae0a59a2f8a53"
url = "https://unofficial-builds.nodejs.org/download/release/v26.8.1/node-v26.8.1-linux-arm64-musl.tar.gz"

[tools.node."platforms.linux-x64"]
checksum = "sha256:b2b76660fa4ded4e0b2a41ee3c0c651cd52ea8170ead91ebac1e147ac3d55643"
url = "https://nodejs.org/dist/v26.8.1/node-v26.8.1-linux-x64.tar.gz"

[tools.node."platforms.linux-x64-musl"]
checksum = "sha256:13135a6a2106f9d111fa9b48c8801ed119ad43e7e1d00de17d77a9c44899aada"
url = "https://unofficial-builds.nodejs.org/download/release/v26.8.1/node-v26.8.1-linux-x64-musl.tar.gz"

[tools.node."platforms.macos-arm64"]
checksum = "sha256:6e577fd0d9db776db82306629e441a9dace416702622aebdd171c9dfaa41f4d2"
url = "https://nodejs.org/dist/v26.8.1/node-v26.8.1-darwin-arm64.tar.gz"

[tools.node."platforms.macos-x64"]
checksum = "sha256:fe9c6dbf9c8e1b4443803d75e2a20366e420dae650c747dbb116b22975751baf"
url = "https://nodejs.org/dist/v26.8.1/node-v26.8.1-darwin-x64.tar.gz"

[tools.node."platforms.windows-x64"]
checksum = "sha256:57693d8e93d1b04e7b7de46aca53ecd63e97564e73de36a68428d7ff08d83587"
url = "https://nodejs.org/dist/v26.8.1/node-v26.8.1-win-x64.zip"

[[tools.ruby]]
version = "4.0.6"
backend = "core:ruby"

[tools.ruby."platforms.windows-x64"]
checksum = "sha256:328d7a86bea2f4c432783025050c9ffa1c36fcfc54ebccc466b63450ec3af223"
url = "https://github.com/oneclick/rubyinstaller2/releases/download/RubyInstaller-4.0.6-1/rubyinstaller-4.0.6-1-x64.7z"

[[tools.ruby]]
version = "4.0.6"
backend = "core:ruby"

[tools.ruby.options]
compile = "false"
precompiled_url = "jdx/ruby"
ruby_build_opts = "RUBY_CONFIGURE_OPTS='--disable-install-doc'"
ruby_build_repo = "https://github.com/rbenv/ruby-build.git"
ruby_install = "false"

[tools.ruby."platforms.linux-arm64"]
checksum = "sha256:6144c26cd5a1ff85358beb7e68e592ada6d0319aa8093cf353465d60f10aa970"
url = "https://github.com/jdx/ruby/releases/download/4.0.6-1/ruby-4.0.6.arm64_linux.tar.gz"
provenance = "github-attestations"

[tools.ruby."platforms.linux-arm64-musl"]
checksum = "sha256:6144c26cd5a1ff85358beb7e68e592ada6d0319aa8093cf353465d60f10aa970"
url = "https://github.com/jdx/ruby/releases/download/4.0.6-1/ruby-4.0.6.arm64_linux.tar.gz"
provenance = "github-attestations"

[tools.ruby."platforms.linux-x64"]
checksum = "sha256:aefa111873bac3b15c5c416bfaaca84e793d5312d4496d651ad79c44521b200a"
url = "https://github.com/jdx/ruby/releases/download/4.0.6-1/ruby-4.0.6.x86_64_linux.tar.gz"
provenance = "github-attestations"

[tools.ruby."platforms.linux-x64-musl"]
checksum = "sha256:aefa111873bac3b15c5c416bfaaca84e793d5312d4496d651ad79c44521b200a"
url = "https://github.com/jdx/ruby/releases/download/4.0.6-1/ruby-4.0.6.x86_64_linux.tar.gz"
provenance = "github-attestations"

[tools.ruby."platforms.macos-arm64"]
checksum = "sha256:518c5849d7ab337790943963ded4f0b402d2d4ededea265288a5a19d4c8fee18"
url = "https://github.com/jdx/ruby/releases/download/4.0.6-1/ruby-4.0.6.macos.tar.gz"
provenance = "github-attestations"

[tools.ruby."platforms.macos-x64"]
checksum = "sha256:837d299e8f7ddf2be31a229a7a7e019d354979825117989acb3b32b1a9be262a"
url = "https://cache.ruby-lang.org/pub/ruby/4.0/ruby-4.0.6.tar.gz"

[tools.ruby."platforms.windows-x64"]
checksum = "sha256:328d7a86bea2f4c432783025050c9ffa1c36fcfc54ebccc466b63450ec3af223"
url = "https://github.com/oneclick/rubyinstaller2/releases/download/RubyInstaller-4.0.6-1/rubyinstaller-4.0.6-1-x64.7z"

[[tools.usage]]
version = "6.4.1"
backend = "aqua:jdx/usage"

[tools.usage."platforms.linux-arm64"]
checksum = "sha256:2f6fdce14ccd53e6888b271f1a04339228cfd60e58967932bfbca3d85104b4ab"
url = "https://github.com/jdx/usage/releases/download/v6.4.1/usage-aarch64-unknown-linux-gnu.tar.gz"
url_api = "https://api.github.com/repos/jdx/usage/releases/assets/530174922"

[tools.usage."platforms.linux-arm64-musl"]
checksum = "sha256:0ce535462c31bd14e55a223f4841ea79d4b1d10c42a28976162fb2edc5f3c85c"
url = "https://github.com/jdx/usage/releases/download/v6.4.1/usage-aarch64-unknown-linux-musl.tar.gz"
url_api = "https://api.github.com/repos/jdx/usage/releases/assets/530175860"

[tools.usage."platforms.linux-x64"]
checksum = "sha256:9d4c186e10b9850084a1a7b111cc2b1331246246dbd2a030eb9319b8e4d47114"
url = "https://github.com/jdx/usage/releases/download/v6.4.1/usage-x86_64-unknown-linux-musl.tar.gz"
url_api = "https://api.github.com/repos/jdx/usage/releases/assets/530175839"

[tools.usage."platforms.linux-x64-musl"]
checksum = "sha256:9d4c186e10b9850084a1a7b111cc2b1331246246dbd2a030eb9319b8e4d47114"
url = "https://github.com/jdx/usage/releases/download/v6.4.1/usage-x86_64-unknown-linux-musl.tar.gz"
url_api = "https://api.github.com/repos/jdx/usage/releases/assets/530175839"

[tools.usage."platforms.macos-arm64"]
checksum = "sha256:22f1df952ab0e6a3f982ea3026d45af6ef0264a5a6f623f0ae33bf2bc76ce409"
url = "https://github.com/jdx/usage/releases/download/v6.4.1/usage-universal-apple-darwin.tar.gz"
url_api = "https://api.github.com/repos/jdx/usage/releases/assets/530181631"

[tools.usage."platforms.macos-x64"]
checksum = "sha256:22f1df952ab0e6a3f982ea3026d45af6ef0264a5a6f623f0ae33bf2bc76ce409"
url = "https://github.com/jdx/usage/releases/download/v6.4.1/usage-universal-apple-darwin.tar.gz"
url_api = "https://api.github.com/repos/jdx/usage/releases/assets/530181631"

[tools.usage."platforms.windows-x64"]
checksum = "sha256:2d1b274f84d98634de77fd43b76892edc8bb1e02e3d0c222c630d6e2db14dd3e"
url = "https://github.com/jdx/usage/releases/download/v6.4.1/usage-x86_64-pc-windows-msvc.zip"
url_api = "https://api.github.com/repos/jdx/usage/releases/assets/530179749"

[[tools.yt-dlp]]
version = "2026.08.19"
backend = "github:yt-dlp/yt-dlp"

[tools.yt-dlp."platforms.linux-arm64"]
checksum = "sha256:4e27ad43f3a34bacffd078694eb3edbb4e3b378e7da44edab2be02e98555516e"
url = "https://github.com/yt-dlp/yt-dlp/releases/download/2026.08.19/yt-dlp_linux_aarch64.zip"
url_api = "https://api.github.com/repos/yt-dlp/yt-dlp/releases/assets/521488873"
provenance = "github-attestations"

[tools.yt-dlp."platforms.linux-arm64-musl"]
checksum = "sha256:46087f4965f48612d056c6e4b00a0898e8230ba90d709a0a751c7cc5735a1da3"
url = "https://github.com/yt-dlp/yt-dlp/releases/download/2026.08.19/yt-dlp_musllinux_aarch64.zip"
url_api = "https://api.github.com/repos/yt-dlp/yt-dlp/releases/assets/521488908"
provenance = "github-attestations"

[tools.yt-dlp."platforms.linux-x64"]
checksum = "sha256:32e72032766bef9199d99d15beb69fd52e46df8f8b06f0d8745db59e04d339e9"
url = "https://github.com/yt-dlp/yt-dlp/releases/download/2026.08.19/yt-dlp_linux.zip"
url_api = "https://api.github.com/repos/yt-dlp/yt-dlp/releases/assets/521488862"
provenance = "github-attestations"
provenance_verified = true

[tools.yt-dlp."platforms.linux-x64-musl"]
checksum = "sha256:a8a9761628be455368db73ab54a2858da22342084f300f7e0d50bdcbef2acf82"
url = "https://github.com/yt-dlp/yt-dlp/releases/download/2026.08.19/yt-dlp_musllinux.zip"
url_api = "https://api.github.com/repos/yt-dlp/yt-dlp/releases/assets/521488901"
provenance = "github-attestations"

[tools.yt-dlp."platforms.macos-arm64"]
checksum = "sha256:07e54b0865303c864006925913bce2604f8ee8cc6f18699bac9c309f9328a6d8"
url = "https://github.com/yt-dlp/yt-dlp/releases/download/2026.08.19/yt-dlp_macos.zip"
url_api = "https://api.github.com/repos/yt-dlp/yt-dlp/releases/assets/521488891"
provenance = "github-attestations"

[tools.yt-dlp."platforms.macos-x64"]
checksum = "sha256:07e54b0865303c864006925913bce2604f8ee8cc6f18699bac9c309f9328a6d8"
url = "https://github.com/yt-dlp/yt-dlp/releases/download/2026.08.19/yt-dlp_macos.zip"
url_api = "https://api.github.com/repos/yt-dlp/yt-dlp/releases/assets/521488891"
provenance = "github-attestations"

[tools.yt-dlp."platforms.windows-x64"]
checksum = "sha256:dc7c11f014af67f23d9fd989868048abedbce01709ff642a29eb3f7578b802f7"
url = "https://github.com/yt-dlp/yt-dlp/releases/download/2026.08.19/yt-dlp_win_x86.zip"
url_api = "https://api.github.com/repos/yt-dlp/yt-dlp/releases/assets/521488967"
provenance = "github-attestations"
